
Microsoft Visual Studio Solution File, Format Version 12.00
# Visual Studio Version 16
VisualStudioVersion = 16.0.30611.23
MinimumVisualStudioVersion = 10.0.40219.1
Project("{FAE04EC0-301F-11D3-BF4B-00C04F79EFBC}") = "Exercicio", "Exercicio\Exercicio.csproj", "{96976E9D-FA51-4EFF-AD19-425BC3F3585A}"
EndProject
Global
	GlobalSection(SolutionConfigurationPlatforms) = preSolution
		Debug|Any CPU = Debug|Any CPU
		Release|Any CPU = Release|Any CPU
	EndGlobalSection
	GlobalSection(ProjectConfigurationPlatforms) = postSolution
		{96976E9D-FA51-4EFF-AD19-425BC3F3585A}.Debug|Any CPU.ActiveCfg = Debug|Any CPU
		{96976E9D-FA51-4EFF-AD19-425BC3F3585A}.Debug|Any CPU.Build.0 = Debug|Any CPU
		{96976E9D-FA51-4EFF-AD19-425BC3F3585A}.Release|Any CPU.ActiveCfg = Release|Any CPU
		{96976E9D-FA51-4EFF-AD19-425BC3F3585A}.Release|Any CPU.Build.0 = Release|Any CPU
	EndGlobalSection
	GlobalSection(SolutionProperties) = preSolution
		HideSolutionNode = FALSE
	EndGlobalSection
	GlobalSection(ExtensibilityGlobals) = postSolution
		SolutionGuid = {D378A39B-9D09-463A-A4ED-BF8F6E16D728}
	EndGlobalSection
EndGlobal
